{
  "version": 1,
  "dependencies": {
    "net8.0-windows7.0": {
      "DalamudPackager": {
        "type": "Direct",
        "requested": "[11.0.0, )",
        "resolved": "11.0.0",
        "contentHash": "bjT7XUlhIJSmsE/O76b7weUX+evvGQctbQB8aKXt94o+oPWxHpCepxAGMs7Thow3AzCyqWs7cOpp9/2wcgRRQA=="
      },
      "Microsoft.Data.Sqlite": {
        "type": "Direct",
        "requested": "[8.0.7, )",
        "resolved": "8.0.7",
        "contentHash": "Dqet4Vluq9E794GS1AzeIKwTLAchn8pbLdMh+8AgqIwNcppD8Fbd3O5IkykxMXNN0VSiLkAum0VARwlwjBsWIw==",
        "dependencies": {
          "Microsoft.Data.Sqlite.Core": "8.0.7",
          "SQLitePCLRaw.bundle_e_sqlite3": "2.1.6"
        }
      },
      "PeNet": {
        "type": "Direct",
        "requested": "[4.1.0, )",
        "resolved": "4.1.0",
        "contentHash": "gJv79hbjwN5OJRizViB48ZuOwXVPBZQ83yZ4aP0Ho0DyLZ/ZveWOWbZpkSPv4stpOsZPaSE6LOFWGt550+jTAw==",
        "dependencies": {
          "PeNet.Asn1": "2.0.1",
          "System.Security.Cryptography.Pkcs": "8.0.0"
        }
      },
      "Microsoft.Data.Sqlite.Core": {
        "type": "Transitive",
        "resolved": "8.0.7",
        "contentHash": "3H5ht15zKtw9ma9v092kI0gjV+P45EbJPsmnkk/DNVz/yDPPVYSyCGytSatN2dZQ19ZazLg3gUzoBdsoO5V5JQ==",
        "dependencies": {
          "SQLitePCLRaw.core": "2.1.6"
        }
      },
      "Microsoft.EntityFrameworkCore": {
        "type": "Transitive",
        "resolved": "8.0.7",
        "contentHash": "UOyPNAgyzw/E4hUCurqvZxi0WWVLQAGZuntFPzkTXtvJLTqRjKvokvhv+XazAUSODLsU1DZ67GjZ4mT9d82+0g==",
        "dependencies": {
          "Microsoft.EntityFrameworkCore.Abstractions": "8.0.7",
          "Microsoft.EntityFrameworkCore.Analyzers": "8.0.7",
          "Microsoft.Extensions.Caching.Memory": "8.0.0",
          "Microsoft.Extensions.Logging": "8.0.0"
        }
      },
      "Microsoft.EntityFrameworkCore.Abstractions": {
        "type": "Transitive",
        "resolved": "8.0.7",
        "contentHash": "DHX6nxcg4/tpWfTjAleKrXveDiNFY/OGOK6nm27GipUXNI2Uofev9cH5SYXmtGIgHWxlvfn754TXN4WnrixOwg=="
      },
      "Microsoft.EntityFrameworkCore.Analyzers": {
        "type": "Transitive",
        "resolved": "8.0.7",
        "contentHash": "nerD0vEOYJVhVapamRVH9DrUYbDNMJ5bPfWze4SibDDaDaekzgwQqBht97/tV+8pgdKoPAXmtiJsB+lDajwVrQ=="
      },
      "Microsoft.EntityFrameworkCore.Relational": {
        "type": "Transitive",
        "resolved": "8.0.7",
        "contentHash": "Hn86yScnW+VXb+A2LGrVGkGmjsQ9KLWR0T8GQBEcESWk8u9JYhBiRtdxz76Aq0ir82Ei48sLEZTN4VE0sJ3yIg==",
        "dependencies": {
          "Microsoft.EntityFrameworkCore": "8.0.7",
          "Microsoft.Extensions.Configuration.Abstractions": "8.0.0"
        }
      },
      "Microsoft.EntityFrameworkCore.Sqlite": {
        "type": "Transitive",
        "resolved": "8.0.7",
        "contentHash": "odTJtx/J7/EyPtg+pGfDbuEZJaODH+yG7R4mkmnhrHYwJPtzSzPue1xl4jBjxwEVVWd/qdBP5z/E+8dAnW9hGQ==",
        "dependencies": {
          "Microsoft.EntityFrameworkCore.Sqlite.Core": "8.0.7",
          "SQLitePCLRaw.bundle_e_sqlite3": "2.1.6"
        }
      },
      "Microsoft.EntityFrameworkCore.Sqlite.Core": {
        "type": "Transitive",
        "resolved": "8.0.7",
        "contentHash": "pqjQey+EEmsLwTv4vGeSGFw4o6nGLFdEM3ii2FCjfb0YZd3+tqX4O5jNZE/2+Y9rN4QQcbsb/8Cf6NIoyuKZng==",
        "dependencies": {
          "Microsoft.Data.Sqlite.Core": "8.0.7",
          "Microsoft.EntityFrameworkCore.Relational": "8.0.7",
          "Microsoft.Extensions.DependencyModel": "8.0.1"
        }
      },
      "Microsoft.Extensions.Caching.Abstractions": {
        "type": "Transitive",
        "resolved": "8.0.0",
        "contentHash": "3KuSxeHoNYdxVYfg2IRZCThcrlJ1XJqIXkAWikCsbm5C/bCjv7G0WoKDyuR98Q+T607QT2Zl5GsbGRkENcV2yQ==",
        "dependencies": {
          "Microsoft.Extensions.Primitives": "8.0.0"
        }
      },
      "Microsoft.Extensions.Caching.Memory": {
        "type": "Transitive",
        "resolved": "8.0.0",
        "contentHash": "7pqivmrZDzo1ADPkRwjy+8jtRKWRCPag9qPI+p7sgu7Q4QreWhcvbiWXsbhP+yY8XSiDvZpu2/LWdBv7PnmOpQ==",
        "dependencies": {
          "Microsoft.Extensions.Caching.Abstractions": "8.0.0",
          "Microsoft.Extensions.DependencyInjection.Abstractions": "8.0.0",
          "Microsoft.Extensions.Logging.Abstractions": "8.0.0",
          "Microsoft.Extensions.Options": "8.0.0",
          "Microsoft.Extensions.Primitives": "8.0.0"
        }
      },
      "Microsoft.Extensions.Configuration.Abstractions": {
        "type": "Transitive",
        "resolved": "8.0.0",
        "contentHash": "3lE/iLSutpgX1CC0NOW70FJoGARRHbyKmG7dc0klnUZ9Dd9hS6N/POPWhKhMLCEuNN5nXEY5agmlFtH562vqhQ==",
        "dependencies": {
          "Microsoft.Extensions.Primitives": "8.0.0"
        }
      },
      "Microsoft.Extensions.DependencyInjection": {
        "type": "Transitive",
        "resolved": "8.0.0",
        "contentHash": "V8S3bsm50ig6JSyrbcJJ8bW2b9QLGouz+G1miK3UTaOWmMtFwNNNzUf4AleyDWUmTrWMLNnFSLEQtxmxgNQnNQ==",
        "dependencies": {
          "Microsoft.Extensions.DependencyInjection.Abstractions": "8.0.0"
        }
      },
      "Microsoft.Extensions.DependencyInjection.Abstractions": {
        "type": "Transitive",
        "resolved": "8.0.0",
        "contentHash": "cjWrLkJXK0rs4zofsK4bSdg+jhDLTaxrkXu4gS6Y7MAlCvRyNNgwY/lJi5RDlQOnSZweHqoyvgvbdvQsRIW+hg=="
      },
      "Microsoft.Extensions.DependencyModel": {
        "type": "Transitive",
        "resolved": "8.0.1",
        "contentHash": "5Ou6varcxLBzQ+Agfm0k0pnH7vrEITYlXMDuE6s7ZHlZHz6/G8XJ3iISZDr5rfwfge6RnXJ1+Wc479mMn52vjA==",
        "dependencies": {
          "System.Text.Encodings.Web": "8.0.0",
          "System.Text.Json": "8.0.4"
        }
      },
      "Microsoft.Extensions.Logging": {
        "type": "Transitive",
        "resolved": "8.0.0",
        "contentHash": "tvRkov9tAJ3xP51LCv3FJ2zINmv1P8Hi8lhhtcKGqM+ImiTCC84uOPEI4z8Cdq2C3o9e+Aa0Gw0rmrsJD77W+w==",
        "dependencies": {
          "Microsoft.Extensions.DependencyInjection": "8.0.0",
          "Microsoft.Extensions.Logging.Abstractions": "8.0.0",
          "Microsoft.Extensions.Options": "8.0.0"
        }
      },
      "Microsoft.Extensions.Logging.Abstractions": {
        "type": "Transitive",
        "resolved": "8.0.0",
        "contentHash": "arDBqTgFCyS0EvRV7O3MZturChstm50OJ0y9bDJvAcmEPJm0FFpFyjU/JLYyStNGGey081DvnQYlncNX5SJJGA==",
        "dependencies": {
          "Microsoft.Extensions.DependencyInjection.Abstractions": "8.0.0"
        }
      },
      "Microsoft.Extensions.Options": {
        "type": "Transitive",
        "resolved": "8.0.0",
        "contentHash": "JOVOfqpnqlVLUzINQ2fox8evY2SKLYJ3BV8QDe/Jyp21u1T7r45x/R/5QdteURMR5r01GxeJSBBUOCOyaNXA3g==",
        "dependencies": {
          "Microsoft.Extensions.DependencyInjection.Abstractions": "8.0.0",
          "Microsoft.Extensions.Primitives": "8.0.0"
        }
      },
      "Microsoft.Extensions.Primitives": {
        "type": "Transitive",
        "resolved": "8.0.0",
        "contentHash": "bXJEZrW9ny8vjMF1JV253WeLhpEVzFo1lyaZu1vQ4ZxWUlVvknZ/+ftFgVheLubb4eZPSwwxBeqS1JkCOjxd8g=="
      },
      "Newtonsoft.Json": {
        "type": "Transitive",
        "resolved": "13.0.3",
        "contentHash": "HrC5BXdl00IP9zeV+0Z848QWPAoCr9P3bDEZguI+gkLcBKAOxix/tLEAAHC+UvDNPv4a2d18lOReHMOagPa+zQ=="
      },
      "Npgsql": {
        "type": "Transitive",
        "resolved": "8.0.3",
        "contentHash": "6WEmzsQJCZAlUG1pThKg/RmeF6V+I0DmBBBE/8YzpRtEzhyZzKcK7ulMANDm5CkxrALBEC8H+5plxHWtIL7xnA==",
        "dependencies": {
          "Microsoft.Extensions.Logging.Abstractions": "8.0.0"
        }
      },
      "Npgsql.EntityFrameworkCore.PostgreSQL": {
        "type": "Transitive",
        "resolved": "8.0.4",
        "contentHash": "/hHd9MqTRVDgIpsToCcxMDxZqla0HAQACiITkq1+L9J2hmHKV6lBAPlauF+dlNSfHpus7rrljWx4nAanKD6qAw==",
        "dependencies": {
          "Microsoft.EntityFrameworkCore": "8.0.4",
          "Microsoft.EntityFrameworkCore.Abstractions": "8.0.4",
          "Microsoft.EntityFrameworkCore.Relational": "8.0.4",
          "Npgsql": "8.0.3"
        }
      },
      "PeNet.Asn1": {
        "type": "Transitive",
        "resolved": "2.0.1",
        "contentHash": "YR2O2YokSAYB+7CXkCDN3bd6/p0K3/AicCPkOJHKUz500v1D/hulCuVlggguqNc3M0LgSfOZKGvVYg2ud1GA9A=="
      },
      "SQLitePCLRaw.bundle_e_sqlite3": {
        "type": "Transitive",
        "resolved": "2.1.6",
        "contentHash": "BmAf6XWt4TqtowmiWe4/5rRot6GerAeklmOPfviOvwLoF5WwgxcJHAxZtySuyW9r9w+HLILnm8VfJFLCUJYW8A==",
        "dependencies": {
          "SQLitePCLRaw.lib.e_sqlite3": "2.1.6",
          "SQLitePCLRaw.provider.e_sqlite3": "2.1.6"
        }
      },
      "SQLitePCLRaw.core": {
        "type": "Transitive",
        "resolved": "2.1.6",
        "contentHash": "wO6v9GeMx9CUngAet8hbO7xdm+M42p1XeJq47ogyRoYSvNSp0NGLI+MgC0bhrMk9C17MTVFlLiN6ylyExLCc5w==",
        "dependencies": {
          "System.Memory": "4.5.3"
        }
      },
      "SQLitePCLRaw.lib.e_sqlite3": {
        "type": "Transitive",
        "resolved": "2.1.6",
        "contentHash": "2ObJJLkIUIxRpOUlZNGuD4rICpBnrBR5anjyfUFQep4hMOIeqW+XGQYzrNmHSVz5xSWZ3klSbh7sFR6UyDj68Q=="
      },
      "SQLitePCLRaw.provider.e_sqlite3": {
        "type": "Transitive",
        "resolved": "2.1.6",
        "contentHash": "PQ2Oq3yepLY4P7ll145P3xtx2bX8xF4PzaKPRpw9jZlKvfe4LE/saAV82inND9usn1XRpmxXk7Lal3MTI+6CNg==",
        "dependencies": {
          "SQLitePCLRaw.core": "2.1.6"
        }
      },
      "System.Formats.Asn1": {
        "type": "Transitive",
        "resolved": "8.0.0",
        "contentHash": "AJukBuLoe3QeAF+mfaRKQb2dgyrvt340iMBHYv+VdBzCUM06IxGlvl0o/uPOS7lHnXPN6u8fFRHSHudx5aTi8w=="
      },
      "System.IO.Hashing": {
        "type": "Transitive",
        "resolved": "8.0.0",
        "contentHash": "ne1843evDugl0md7Fjzy6QjJrzsjh46ZKbhf8GwBXb5f/gw97J4bxMs0NQKifDuThh/f0bZ0e62NPl1jzTuRqA=="
      },
      "System.Memory": {
        "type": "Transitive",
        "resolved": "4.5.3",
        "contentHash": "3oDzvc/zzetpTKWMShs1AADwZjQ/36HnsufHRPcOjyRAAMLDlu2iD33MBI2opxnezcVUtXyqDXXjoFMOU9c7SA=="
      },
      "System.Security.Cryptography.Pkcs": {
        "type": "Transitive",
        "resolved": "8.0.0",
        "contentHash": "ULmp3xoOwNYjOYp4JZ2NK/6NdTgiN1GQXzVVN1njQ7LOZ0d0B9vyMnhyqbIi9Qw4JXj1JgCsitkTShboHRx7Eg==",
        "dependencies": {
          "System.Formats.Asn1": "8.0.0"
        }
      },
      "System.Text.Encodings.Web": {
        "type": "Transitive",
        "resolved": "8.0.0",
        "contentHash": "yev/k9GHAEGx2Rg3/tU6MQh4HGBXJs70y7j1LaM1i/ER9po+6nnQ6RRqTJn1E7Xu0fbIFK80Nh5EoODxrbxwBQ=="
      },
      "System.Text.Json": {
        "type": "Transitive",
        "resolved": "8.0.4",
        "contentHash": "bAkhgDJ88XTsqczoxEMliSrpijKZHhbJQldhAmObj/RbrN3sU5dcokuXmWJWsdQAhiMJ9bTayWsL1C9fbbCRhw==",
        "dependencies": {
          "System.Text.Encodings.Web": "8.0.0"
        }
      },
      "ZiPatchLib": {
        "type": "Transitive",
        "resolved": "3.0.0",
        "contentHash": "bPtN6npNX5EPnsKgrLg1TM5+m/lJzd7vbdP16/0TDyw8SjZ5krjMBCFJvaZEe0xPrzoDttznnTVTJC2JXX6JlQ=="
      },
      "reslogger2.common": {
        "type": "Project",
        "dependencies": {
          "Microsoft.EntityFrameworkCore.Sqlite": "[8.0.7, )",
          "Newtonsoft.Json": "[13.0.3, )",
          "Npgsql.EntityFrameworkCore.PostgreSQL": "[8.0.4, )",
          "System.IO.Hashing": "[8.0.0, )",
          "ZiPatchLib": "[3.0.0, )"
        }
      }
    }
  }
}